# THIS IS AN AUTOGENERATED FILE. DO NOT EDIT THIS FILE DIRECTLY.
# yarn lockfile v1


"@observablehq/inspector@^3.0.0":
  version "3.0.4"
  resolved "https://registry.yarnpkg.com/@observablehq/inspector/-/inspector-3.0.4.tgz#9a0c8bb6631aa51c2f3806275efa69f073c13192"
  integrity sha512-Ik/j1bfGPRdOItN21NYIfEJd9EMB0oY/a2w6C4BXJsbGC5gPZwkvYbkX4AM5u12/emSNN1tH1uvNjz5vsZ4GKw==
  dependencies:
    esm "^3.0.84"

"@observablehq/runtime@^3.0.7":
  version "3.0.7"
  resolved "https://registry.yarnpkg.com/@observablehq/runtime/-/runtime-3.0.7.tgz#66fc3f71c07eadfef03929069cedb60b4521eaa3"
  integrity sha512-5bcUAQ6Q1zX92t4hdB8wxJGa2jCsts8hnb3uQ74xyO/EVCUauXZGadG054giAugMDaqgsWuPId+XenCx0v2IjQ==
  dependencies:
    "@observablehq/inspector" "^3.0.0"
    "@observablehq/stdlib" "^2.0.0"
    esm "^3.0.84"

"@observablehq/stdlib@^2.0.0":
  version "2.0.8"
  resolved "https://registry.yarnpkg.com/@observablehq/stdlib/-/stdlib-2.0.8.tgz#1d0babb8b2dc754c5601326eb6ad737b6d729b74"
  integrity sha512-DbEqEKX03+5kjIrTt5J2eKwUaM0XVgkMNALWO93lGgETUXXUYwsd/rYupaeU3k1XVrDCjZf/09b9NkH8XUshvA==
  dependencies:
    d3-require "^1.2.0"
    esm "^3.0.84"

d3-require@^1.2.0:
  version "1.2.2"
  resolved "https://registry.yarnpkg.com/d3-require/-/d3-require-1.2.2.tgz#1f7a3f8846ae3496140e0350299db0905cbeed35"
  integrity sha512-ZavUWWNjgv+mkORr49dzmKa8KrI6HfBQ5T2GzXZZaIfs/aaf7aeGtcZuJu4MCfJq5IERrHowjFici8MwLmHlYQ==

esm@^3.0.84:
  version "3.2.19"
  resolved "https://registry.yarnpkg.com/esm/-/esm-3.2.19.tgz#700a250f6fe06c4d67bb609528d4d208d2c81411"
  integrity sha512-thFxRC6o0gKfSiSwuUI2JO01f9JOm1qRWGfBLry0LF3L8mSeSTK58DqCE3+0ZKq02e/DClCJf3BW9nVwd/ejCw==
